
Microsoft Visual Studio Solution File, Format Version 12.00
# Visual Studio Version 16
VisualStudioVersion = 16.0.32126.315
MinimumVisualStudioVersion = 10.0.40219.1
Project("{FAE04EC0-301F-11D3-BF4B-00C04F79EFBC}") = "HjælpLone", "HjælpLone\HjælpLone.csproj", "{97256EFE-6920-4341-9D62-8627E968FDF0}"
EndProject
Global
	GlobalSection(SolutionConfigurationPlatforms) = preSolution
		Debug|Any CPU = Debug|Any CPU
		Release|Any CPU = Release|Any CPU
	EndGlobalSection
	GlobalSection(ProjectConfigurationPlatforms) = postSolution
		{97256EFE-6920-4341-9D62-8627E968FDF0}.Debug|Any CPU.ActiveCfg = Debug|Any CPU
		{97256EFE-6920-4341-9D62-8627E968FDF0}.Debug|Any CPU.Build.0 = Debug|Any CPU
		{97256EFE-6920-4341-9D62-8627E968FDF0}.Release|Any CPU.ActiveCfg = Release|Any CPU
		{97256EFE-6920-4341-9D62-8627E968FDF0}.Release|Any CPU.Build.0 = Release|Any CPU
	EndGlobalSection
	GlobalSection(SolutionProperties) = preSolution
		HideSolutionNode = FALSE
	EndGlobalSection
	GlobalSection(ExtensibilityGlobals) = postSolution
		SolutionGuid = {2240F28B-A944-4A2D-BAD1-0EAAAD1BA23F}
	EndGlobalSection
EndGlobal
